{
  "requires": true,
  "lockfileVersion": 1,
  "dependencies": {
    "@progress/kendo-ui": {
      "version": "2020.3.1021",
      "resolved": "https://registry.npmjs.org/@progress/kendo-ui/-/kendo-ui-2020.3.1021.tgz",
      "integrity": "sha512-9LHZes7wKdK+hB9lLjYwAwY0wSPLd+yhREv1tMjZx7m59ujRN9ToRO5wfw8JhZCdFepE9NGLVHMwTwtKYh4njw==",
      "requires": {
        "jquery": "3.5.1"
      }
    },
    "jquery": {
      "version": "3.5.1",
      "resolved": "https://registry.npmjs.org/jquery/-/jquery-3.5.1.tgz",
      "integrity": "sha512-XwIBPqcMn57FxfT+Go5pzySnm4KWkT1Tv7gjrpT1srtf8Weynl6R273VJ5GjkRb51IzMp5nbaPjJXMWeju2MKg=="
    }
  }
}
