
Microsoft Visual Studio Solution File, Format Version 12.00
# Visual Studio Version 16
VisualStudioVersion = 16.0.30002.166
MinimumVisualStudioVersion = 10.0.40219.1
Project("{9A19103F-16F7-4668-BE54-9A1E7A4F7556}") = "RedisConsole", "RedisConsole\RedisConsole.csproj", "{B1D89FE1-4196-403A-A77B-938109DEA075}"
EndProject
Project("{9A19103F-16F7-4668-BE54-9A1E7A4F7556}") = "Redis.Core", "Redis.Core\Redis.Core.csproj", "{840A39EC-ECC5-46B0-A546-C1B01BDAE5F6}"
EndProject
Project("{9A19103F-16F7-4668-BE54-9A1E7A4F7556}") = "ConsoleUI", "ConsoleUI\ConsoleUI.csproj", "{AB0C9205-CD67-4CA7-B5CE-FE5CB73BAFC0}"
EndProject
Project("{FAE04EC0-301F-11D3-BF4B-00C04F79EFBC}") = "RedisConsoleDesktop", "RedisConsoleDesktop\RedisConsoleDesktop.csproj", "{5BAA48A6-F0DB-45D2-9553-9C10CF9BB7FC}"
EndProject
Project("{2150E333-8FDC-42A3-9474-1A3956D46DE8}") = "Solution Items", "Solution Items", "{CF9E5F7C-344C-4BC6-B62F-59E0754362BE}"
	ProjectSection(SolutionItems) = preProject
		global.json = global.json
	EndProjectSection
EndProject
Global
	GlobalSection(SolutionConfigurationPlatforms) = preSolution
		Debug|Any CPU = Debug|Any CPU
		Release|Any CPU = Release|Any CPU
	EndGlobalSection
	GlobalSection(ProjectConfigurationPlatforms) = postSolution
		{B1D89FE1-4196-403A-A77B-938109DEA075}.Debug|Any CPU.ActiveCfg = Debug|Any CPU
		{B1D89FE1-4196-403A-A77B-938109DEA075}.Debug|Any CPU.Build.0 = Debug|Any CPU
		{B1D89FE1-4196-403A-A77B-938109DEA075}.Release|Any CPU.ActiveCfg = Release|Any CPU
		{B1D89FE1-4196-403A-A77B-938109DEA075}.Release|Any CPU.Build.0 = Release|Any CPU
		{840A39EC-ECC5-46B0-A546-C1B01BDAE5F6}.Debug|Any CPU.ActiveCfg = Debug|Any CPU
		{840A39EC-ECC5-46B0-A546-C1B01BDAE5F6}.Debug|Any CPU.Build.0 = Debug|Any CPU
		{840A39EC-ECC5-46B0-A546-C1B01BDAE5F6}.Release|Any CPU.ActiveCfg = Release|Any CPU
		{840A39EC-ECC5-46B0-A546-C1B01BDAE5F6}.Release|Any CPU.Build.0 = Release|Any CPU
		{AB0C9205-CD67-4CA7-B5CE-FE5CB73BAFC0}.Debug|Any CPU.ActiveCfg = Debug|Any CPU
		{AB0C9205-CD67-4CA7-B5CE-FE5CB73BAFC0}.Debug|Any CPU.Build.0 = Debug|Any CPU
		{AB0C9205-CD67-4CA7-B5CE-FE5CB73BAFC0}.Release|Any CPU.ActiveCfg = Release|Any CPU
		{AB0C9205-CD67-4CA7-B5CE-FE5CB73BAFC0}.Release|Any CPU.Build.0 = Release|Any CPU
		{5BAA48A6-F0DB-45D2-9553-9C10CF9BB7FC}.Debug|Any CPU.ActiveCfg = Debug|Any CPU
		{5BAA48A6-F0DB-45D2-9553-9C10CF9BB7FC}.Debug|Any CPU.Build.0 = Debug|Any CPU
		{5BAA48A6-F0DB-45D2-9553-9C10CF9BB7FC}.Release|Any CPU.ActiveCfg = Release|Any CPU
		{5BAA48A6-F0DB-45D2-9553-9C10CF9BB7FC}.Release|Any CPU.Build.0 = Release|Any CPU
	EndGlobalSection
	GlobalSection(SolutionProperties) = preSolution
		HideSolutionNode = FALSE
	EndGlobalSection
	GlobalSection(ExtensibilityGlobals) = postSolution
		SolutionGuid = {2FFE5033-5F22-4758-925D-7CFA7DED3B1B}
	EndGlobalSection
EndGlobal
