
Microsoft Visual Studio Solution File, Format Version 12.00
# Visual Studio Version 16
VisualStudioVersion = 16.0.30002.166
MinimumVisualStudioVersion = 10.0.40219.1
Project("{FAE04EC0-301F-11D3-BF4B-00C04F79EFBC}") = "RedisConsole", "RedisConsole\RedisConsole.csproj", "{B1D89FE1-4196-403A-A77B-938109DEA075}"
EndProject
Project("{FAE04EC0-301F-11D3-BF4B-00C04F79EFBC}") = "Redis.Core", "Redis.Core\Redis.Core.csproj", "{840A39EC-ECC5-46B0-A546-C1B01BDAE5F6}"
EndProject
Project("{FAE04EC0-301F-11D3-BF4B-00C04F79EFBC}") = "ConsoleUI", "ConsoleUI\ConsoleUI.csproj", "{AB0C9205-CD67-4CA7-B5CE-FE5CB73BAFC0}"
EndProject
Global
	GlobalSection(SolutionConfigurationPlatforms) = preSolution
		Debug|Any CPU = Debug|Any CPU
		Release|Any CPU = Release|Any CPU
	EndGlobalSection
	GlobalSection(ProjectConfigurationPlatforms) = postSolution
		{B1D89FE1-4196-403A-A77B-938109DEA075}.Debug|Any CPU.ActiveCfg = Debug|Any CPU
		{B1D89FE1-4196-403A-A77B-938109DEA075}.Debug|Any CPU.Build.0 = Debug|Any CPU
		{B1D89FE1-4196-403A-A77B-938109DEA075}.Release|Any CPU.ActiveCfg = Release|Any CPU
		{B1D89FE1-4196-403A-A77B-938109DEA075}.Release|Any CPU.Build.0 = Release|Any CPU
		{840A39EC-ECC5-46B0-A546-C1B01BDAE5F6}.Debug|Any CPU.ActiveCfg = Debug|Any CPU
		{840A39EC-ECC5-46B0-A546-C1B01BDAE5F6}.Debug|Any CPU.Build.0 = Debug|Any CPU
		{840A39EC-ECC5-46B0-A546-C1B01BDAE5F6}.Release|Any CPU.ActiveCfg = Release|Any CPU
		{840A39EC-ECC5-46B0-A546-C1B01BDAE5F6}.Release|Any CPU.Build.0 = Release|Any CPU
		{AB0C9205-CD67-4CA7-B5CE-FE5CB73BAFC0}.Debug|Any CPU.ActiveCfg = Debug|Any CPU
		{AB0C9205-CD67-4CA7-B5CE-FE5CB73BAFC0}.Debug|Any CPU.Build.0 = Debug|Any CPU
		{AB0C9205-CD67-4CA7-B5CE-FE5CB73BAFC0}.Release|Any CPU.ActiveCfg = Release|Any CPU
		{AB0C9205-CD67-4CA7-B5CE-FE5CB73BAFC0}.Release|Any CPU.Build.0 = Release|Any CPU
	EndGlobalSection
	GlobalSection(SolutionProperties) = preSolution
		HideSolutionNode = FALSE
	EndGlobalSection
	GlobalSection(ExtensibilityGlobals) = postSolution
		SolutionGuid = {2FFE5033-5F22-4758-925D-7CFA7DED3B1B}
	EndGlobalSection
EndGlobal
